{
  "name": "autosendemail",
  "version": "1.0.0",
  "lockfileVersion": 3,
  "requires": true,
  "packages": {
    "": {
      "name": "autosendemail",
      "version": "1.0.0",
      "license": "ISC",
      "dependencies": {
        "js-calendar-converter": "^0.0.6",
        "nodemailer": "^6.9.7"
      }
    },
    "node_modules/js-calendar-converter": {
      "version": "0.0.6",
      "resolved": "http://maven.zjjg.tech/repository/npm-group/js-calendar-converter/-/js-calendar-converter-0.0.6.tgz",
      "integrity": "sha512-0TRHm2jaGRAbXd1sKvzHSW3hB+oqo2h6EAHMAPpuEj0WYic+KWgsA+41PnNx03ggyGTAHx29diDqFxqHFctAGg==",
      "license": "GPL-3.0-or-later"
    },
    "node_modules/nodemailer": {
      "version": "6.9.7",
      "resolved": "http://maven.zjjg.tech/repository/npm-group/nodemailer/-/nodemailer-6.9.7.tgz",
      "integrity": "sha512-rUtR77ksqex/eZRLmQ21LKVH5nAAsVicAtAYudK7JgwenEDZ0UIQ1adUGqErz7sMkWYxWTTU1aeP2Jga6WQyJw==",
      "license": "MIT-0",
      "engines": {
        "node": ">=6.0.0"
      }
    }
  }
}
